{
  "name": "chapter7",
  "lockfileVersion": 2,
  "requires": true,
  "packages": {
    "": {
      "dependencies": {
        "purescript-language-server": "^0.16.2"
      }
    },
    "node_modules/isexe": {
      "version": "2.0.0",
      "resolved": "https://registry.npmjs.org/isexe/-/isexe-2.0.0.tgz",
      "integrity": "sha1-6PvzdNxVb/iUehDcsFctYz8s+hA="
    },
    "node_modules/purescript-language-server": {
      "version": "0.16.2",
      "resolved": "https://registry.npmjs.org/purescript-language-server/-/purescript-language-server-0.16.2.tgz",
      "integrity": "sha512-d1pKF+nfbHKbsmnJGPt/VKWfDz2+x0dUHNN/A6pL2efJK8UQi3vOSd/mk+/vHH571eG0x2lFU8SP9pvzP/4pmg==",
      "dependencies": {
        "shell-quote": "^1.7.2",
        "uuid": "^3.3.2",
        "vscode-jsonrpc": "^8.0.0-next.2",
        "vscode-languageserver": "^8.0.0-next.2",
        "vscode-languageserver-textdocument": "^1.0.1",
        "vscode-uri": "^2.1.1",
        "which": "^2.0.2"
      },
      "bin": {
        "purescript-language-server": "cli.js"
      },
      "engines": {
        "node": ">=14"
      }
    },
    "node_modules/shell-quote": {
      "version": "1.7.3",
      "resolved": "https://registry.npmjs.org/shell-quote/-/shell-quote-1.7.3.tgz",
      "integrity": "sha512-Vpfqwm4EnqGdlsBFNmHhxhElJYrdfcxPThu+ryKS5J8L/fhAwLazFZtq+S+TWZ9ANj2piSQLGj6NQg+lKPmxrw=="
    },
    "node_modules/uuid": {
      "version": "3.4.0",
      "resolved": "https://registry.npmjs.org/uuid/-/uuid-3.4.0.tgz",
      "integrity": "sha512-HjSDRw6gZE5JMggctHBcjVak08+KEVhSIiDzFnT9S9aegmp85S/bReBVTb4QTFaRNptJ9kuYaNhnbNEOkbKb/A==",
      "deprecated": "Please upgrade  to version 7 or higher.  Older versions may use Math.random() in certain circumstances, which is known to be problematic.  See https://v8.dev/blog/math-random for details.",
      "bin": {
        "uuid": "bin/uuid"
      }
    },
    "node_modules/vscode-jsonrpc": {
      "version": "8.0.0-next.4",
      "resolved": "https://registry.npmjs.org/vscode-jsonrpc/-/vscode-jsonrpc-8.0.0-next.4.tgz",
      "integrity": "sha512-i+wvza5Wd0YV/t9qhnS8I+dJdhJ1fHIhRW4f262rXXM9Mgts5VZhYrRZufGcai4y99RlbZvwaZhplQ6diRXkaA==",
      "engines": {
        "node": ">=8.0.0 || >=10.0.0"
      }
    },
    "node_modules/vscode-languageserver": {
      "version": "8.0.0-next.5",
      "resolved": "https://registry.npmjs.org/vscode-languageserver/-/vscode-languageserver-8.0.0-next.5.tgz",
      "integrity": "sha512-3E2W0eWtGKb6QAJqspOnD0thrBRRo8IGUMV5jpDNMcMKvmtkcxMwsBh0VxdvuWaZ51PiNyR4L+B+GUvkYsyFEg==",
      "dependencies": {
        "vscode-languageserver-protocol": "3.17.0-next.11"
      },
      "bin": {
        "installServerIntoExtension": "bin/installServerIntoExtension"
      }
    },
    "node_modules/vscode-languageserver-protocol": {
      "version": "3.17.0-next.11",
      "resolved": "https://registry.npmjs.org/vscode-languageserver-protocol/-/vscode-languageserver-protocol-3.17.0-next.11.tgz",
      "integrity": "sha512-9FqHT7XvM6tWFsnLvRfuQA7Zh7wZZYAwA9dK85lYthA8M1aXpXEP9drXVvO/Fe03MUeJpKVf2e4/NvDaFUnttg==",
      "dependencies": {
        "vscode-jsonrpc": "8.0.0-next.4",
        "vscode-languageserver-types": "3.17.0-next.5"
      }
    },
    "node_modules/vscode-languageserver-textdocument": {
      "version": "1.0.3",
      "resolved": "https://registry.npmjs.org/vscode-languageserver-textdocument/-/vscode-languageserver-textdocument-1.0.3.tgz",
      "integrity": "sha512-ynEGytvgTb6HVSUwPJIAZgiHQmPCx8bZ8w5um5Lz+q5DjP0Zj8wTFhQpyg8xaMvefDytw2+HH5yzqS+FhsR28A=="
    },
    "node_modules/vscode-languageserver-types": {
      "version": "3.17.0-next.5",
      "resolved": "https://registry.npmjs.org/vscode-languageserver-types/-/vscode-languageserver-types-3.17.0-next.5.tgz",
      "integrity": "sha512-Zcfaw8BznhlJWB09LDR0dscXyxn9+liREqJnPF4pigeUCHwKxYapYqizwuCpMHQ/oLYiAvKwU+f28hPleYu7pA=="
    },
    "node_modules/vscode-uri": {
      "version": "2.1.2",
      "resolved": "https://registry.npmjs.org/vscode-uri/-/vscode-uri-2.1.2.tgz",
      "integrity": "sha512-8TEXQxlldWAuIODdukIb+TR5s+9Ds40eSJrw+1iDDA9IFORPjMELarNQE3myz5XIkWWpdprmJjm1/SxMlWOC8A=="
    },
    "node_modules/which": {
      "version": "2.0.2",
      "resolved": "https://registry.npmjs.org/which/-/which-2.0.2.tgz",
      "integrity": "sha512-BLI3Tl1TW3Pvl70l3yq3Y64i+awpwXqsGBYWkkqMtnbXgrMD+yj7rhW0kuEDxzJaYXGjEW5ogapKNMEKNMjibA==",
      "dependencies": {
        "isexe": "^2.0.0"
      },
      "bin": {
        "node-which": "bin/node-which"
      },
      "engines": {
        "node": ">= 8"
      }
    }
  },
  "dependencies": {
    "isexe": {
      "version": "2.0.0",
      "resolved": "https://registry.npmjs.org/isexe/-/isexe-2.0.0.tgz",
      "integrity": "sha1-6PvzdNxVb/iUehDcsFctYz8s+hA="
    },
    "purescript-language-server": {
      "version": "0.16.2",
      "resolved": "https://registry.npmjs.org/purescript-language-server/-/purescript-language-server-0.16.2.tgz",
      "integrity": "sha512-d1pKF+nfbHKbsmnJGPt/VKWfDz2+x0dUHNN/A6pL2efJK8UQi3vOSd/mk+/vHH571eG0x2lFU8SP9pvzP/4pmg==",
      "requires": {
        "shell-quote": "^1.7.2",
        "uuid": "^3.3.2",
        "vscode-jsonrpc": "^8.0.0-next.2",
        "vscode-languageserver": "^8.0.0-next.2",
        "vscode-languageserver-textdocument": "^1.0.1",
        "vscode-uri": "^2.1.1",
        "which": "^2.0.2"
      }
    },
    "shell-quote": {
      "version": "1.7.3",
      "resolved": "https://registry.npmjs.org/shell-quote/-/shell-quote-1.7.3.tgz",
      "integrity": "sha512-Vpfqwm4EnqGdlsBFNmHhxhElJYrdfcxPThu+ryKS5J8L/fhAwLazFZtq+S+TWZ9ANj2piSQLGj6NQg+lKPmxrw=="
    },
    "uuid": {
      "version": "3.4.0",
      "resolved": "https://registry.npmjs.org/uuid/-/uuid-3.4.0.tgz",
      "integrity": "sha512-HjSDRw6gZE5JMggctHBcjVak08+KEVhSIiDzFnT9S9aegmp85S/bReBVTb4QTFaRNptJ9kuYaNhnbNEOkbKb/A=="
    },
    "vscode-jsonrpc": {
      "version": "8.0.0-next.4",
      "resolved": "https://registry.npmjs.org/vscode-jsonrpc/-/vscode-jsonrpc-8.0.0-next.4.tgz",
      "integrity": "sha512-i+wvza5Wd0YV/t9qhnS8I+dJdhJ1fHIhRW4f262rXXM9Mgts5VZhYrRZufGcai4y99RlbZvwaZhplQ6diRXkaA=="
    },
    "vscode-languageserver": {
      "version": "8.0.0-next.5",
      "resolved": "https://registry.npmjs.org/vscode-languageserver/-/vscode-languageserver-8.0.0-next.5.tgz",
      "integrity": "sha512-3E2W0eWtGKb6QAJqspOnD0thrBRRo8IGUMV5jpDNMcMKvmtkcxMwsBh0VxdvuWaZ51PiNyR4L+B+GUvkYsyFEg==",
      "requires": {
        "vscode-languageserver-protocol": "3.17.0-next.11"
      }
    },
    "vscode-languageserver-protocol": {
      "version": "3.17.0-next.11",
      "resolved": "https://registry.npmjs.org/vscode-languageserver-protocol/-/vscode-languageserver-protocol-3.17.0-next.11.tgz",
      "integrity": "sha512-9FqHT7XvM6tWFsnLvRfuQA7Zh7wZZYAwA9dK85lYthA8M1aXpXEP9drXVvO/Fe03MUeJpKVf2e4/NvDaFUnttg==",
      "requires": {
        "vscode-jsonrpc": "8.0.0-next.4",
        "vscode-languageserver-types": "3.17.0-next.5"
      }
    },
    "vscode-languageserver-textdocument": {
      "version": "1.0.3",
      "resolved": "https://registry.npmjs.org/vscode-languageserver-textdocument/-/vscode-languageserver-textdocument-1.0.3.tgz",
      "integrity": "sha512-ynEGytvgTb6HVSUwPJIAZgiHQmPCx8bZ8w5um5Lz+q5DjP0Zj8wTFhQpyg8xaMvefDytw2+HH5yzqS+FhsR28A=="
    },
    "vscode-languageserver-types": {
      "version": "3.17.0-next.5",
      "resolved": "https://registry.npmjs.org/vscode-languageserver-types/-/vscode-languageserver-types-3.17.0-next.5.tgz",
      "integrity": "sha512-Zcfaw8BznhlJWB09LDR0dscXyxn9+liREqJnPF4pigeUCHwKxYapYqizwuCpMHQ/oLYiAvKwU+f28hPleYu7pA=="
    },
    "vscode-uri": {
      "version": "2.1.2",
      "resolved": "https://registry.npmjs.org/vscode-uri/-/vscode-uri-2.1.2.tgz",
      "integrity": "sha512-8TEXQxlldWAuIODdukIb+TR5s+9Ds40eSJrw+1iDDA9IFORPjMELarNQE3myz5XIkWWpdprmJjm1/SxMlWOC8A=="
    },
    "which": {
      "version": "2.0.2",
      "resolved": "https://registry.npmjs.org/which/-/which-2.0.2.tgz",
      "integrity": "sha512-BLI3Tl1TW3Pvl70l3yq3Y64i+awpwXqsGBYWkkqMtnbXgrMD+yj7rhW0kuEDxzJaYXGjEW5ogapKNMEKNMjibA==",
      "requires": {
        "isexe": "^2.0.0"
      }
    }
  }
}
